
Microsoft Visual Studio Solution File, Format Version 12.00
# Visual Studio Version 17
VisualStudioVersion = 17.14.36127.28 d17.14
MinimumVisualStudioVersion = 10.0.40219.1
Project("{FAE04EC0-301F-11D3-BF4B-00C04F79EFBC}") = "FinanceControl.Web", "FinanceControl.Web\FinanceControl.Web.csproj", "{475445EA-36FB-4A89-B428-FC49F96C3864}"
EndProject
Project("{FAE04EC0-301F-11D3-BF4B-00C04F79EFBC}") = "FinanceControl.Core", "FinanceControl.Core\FinanceControl.Core.csproj", "{3D507EAF-DA11-4546-A00C-6CEDE7DEB20A}"
EndProject
Project("{FAE04EC0-301F-11D3-BF4B-00C04F79EFBC}") = "FinanceControl.Infrastructure", "FinanceControl.Infrastructure\FinanceControl.Infrastructure.csproj", "{7B44A856-C6A3-4F47-A16F-E9B77752F3AD}"
EndProject
Global
	GlobalSection(SolutionConfigurationPlatforms) = preSolution
		Debug|Any CPU = Debug|Any CPU
		Release|Any CPU = Release|Any CPU
	EndGlobalSection
	GlobalSection(ProjectConfigurationPlatforms) = postSolution
		{475445EA-36FB-4A89-B428-FC49F96C3864}.Debug|Any CPU.ActiveCfg = Debug|Any CPU
		{475445EA-36FB-4A89-B428-FC49F96C3864}.Debug|Any CPU.Build.0 = Debug|Any CPU
		{475445EA-36FB-4A89-B428-FC49F96C3864}.Release|Any CPU.ActiveCfg = Release|Any CPU
		{475445EA-36FB-4A89-B428-FC49F96C3864}.Release|Any CPU.Build.0 = Release|Any CPU
		{3D507EAF-DA11-4546-A00C-6CEDE7DEB20A}.Debug|Any CPU.ActiveCfg = Debug|Any CPU
		{3D507EAF-DA11-4546-A00C-6CEDE7DEB20A}.Debug|Any CPU.Build.0 = Debug|Any CPU
		{3D507EAF-DA11-4546-A00C-6CEDE7DEB20A}.Release|Any CPU.ActiveCfg = Release|Any CPU
		{3D507EAF-DA11-4546-A00C-6CEDE7DEB20A}.Release|Any CPU.Build.0 = Release|Any CPU
		{7B44A856-C6A3-4F47-A16F-E9B77752F3AD}.Debug|Any CPU.ActiveCfg = Debug|Any CPU
		{7B44A856-C6A3-4F47-A16F-E9B77752F3AD}.Debug|Any CPU.Build.0 = Debug|Any CPU
		{7B44A856-C6A3-4F47-A16F-E9B77752F3AD}.Release|Any CPU.ActiveCfg = Release|Any CPU
		{7B44A856-C6A3-4F47-A16F-E9B77752F3AD}.Release|Any CPU.Build.0 = Release|Any CPU
	EndGlobalSection
	GlobalSection(SolutionProperties) = preSolution
		HideSolutionNode = FALSE
	EndGlobalSection
	GlobalSection(ExtensibilityGlobals) = postSolution
		SolutionGuid = {7D8A600A-7117-4425-A80E-A8EE54CD21C1}
	EndGlobalSection
EndGlobal
